{
    "version": 3,
    "terraform_version": "0.9.4",
    "serial": 10,
    "lineage": "8dfe6b45-e4a4-4525-a367-dc37fa6c9fa8",
    "modules": [
        {
            "path": [
                "root"
            ],
            "outputs": {},
            "resources": {
                "aws_security_group.dc-security-group": {
                    "type": "aws_security_group",
                    "depends_on": [],
                    "primary": {
                        "id": "sg-8f8db4e8",
                        "attributes": {
                            "description": "Allow Domain Controller ports and protocols inbound",
                            "egress.#": "1",
                            "egress.482069346.cidr_blocks.#": "1",
                            "egress.482069346.cidr_blocks.0": "0.0.0.0/0",
                            "egress.482069346.from_port": "0",
                            "egress.482069346.ipv6_cidr_blocks.#": "0",
                            "egress.482069346.prefix_list_ids.#": "0",
                            "egress.482069346.protocol": "-1",
                            "egress.482069346.security_groups.#": "0",
                            "egress.482069346.self": "false",
                            "egress.482069346.to_port": "0",
                            "id": "sg-8f8db4e8",
                            "ingress.#": "21",
                            "ingress.1033024034.cidr_blocks.#": "1",
                            "ingress.1033024034.cidr_blocks.0": "10.25.0.0/16",
                            "ingress.1033024034.from_port": "5666",
                            "ingress.1033024034.ipv6_cidr_blocks.#": "0",
                            "ingress.1033024034.protocol": "tcp",
                            "ingress.1033024034.security_groups.#": "0",
                            "ingress.1033024034.self": "false",
                            "ingress.1033024034.to_port": "5666",
                            "ingress.1089447565.cidr_blocks.#": "0",
                            "ingress.1089447565.from_port": "3269",
                            "ingress.1089447565.ipv6_cidr_blocks.#": "0",
                            "ingress.1089447565.protocol": "tcp",
                            "ingress.1089447565.security_groups.#": "1",
                            "ingress.1089447565.security_groups.3144517369": "dc-security-group",
                            "ingress.1089447565.self": "false",
                            "ingress.1089447565.to_port": "3269",
                            "ingress.1108169512.cidr_blocks.#": "1",
                            "ingress.1108169512.cidr_blocks.0": "10.0.0.0/8",
                            "ingress.1108169512.from_port": "3389",
                            "ingress.1108169512.ipv6_cidr_blocks.#": "0",
                            "ingress.1108169512.protocol": "tcp",
                            "ingress.1108169512.security_groups.#": "0",
                            "ingress.1108169512.self": "false",
                            "ingress.1108169512.to_port": "3389",
                            "ingress.1617067122.cidr_blocks.#": "1",
                            "ingress.1617067122.cidr_blocks.0": "10.0.0.0/8",
                            "ingress.1617067122.from_port": "49152",
                            "ingress.1617067122.ipv6_cidr_blocks.#": "0",
                            "ingress.1617067122.protocol": "udp",
                            "ingress.1617067122.security_groups.#": "0",
                            "ingress.1617067122.self": "false",
                            "ingress.1617067122.to_port": "65535",
                            "ingress.2015107595.cidr_blocks.#": "1",
                            "ingress.2015107595.cidr_blocks.0": "10.40.4.0/24",
                            "ingress.2015107595.from_port": "0",
                            "ingress.2015107595.ipv6_cidr_blocks.#": "0",
                            "ingress.2015107595.protocol": "-1",
                            "ingress.2015107595.security_groups.#": "0",
                            "ingress.2015107595.self": "false",
                            "ingress.2015107595.to_port": "0",
                            "ingress.2221993497.cidr_blocks.#": "1",
                            "ingress.2221993497.cidr_blocks.0": "10.0.0.0/8",
                            "ingress.2221993497.from_port": "389",
                            "ingress.2221993497.ipv6_cidr_blocks.#": "0",
                            "ingress.2221993497.protocol": "udp",
                            "ingress.2221993497.security_groups.#": "0",
                            "ingress.2221993497.self": "false",
                            "ingress.2221993497.to_port": "389",
                            "ingress.2328066594.cidr_blocks.#": "1",
                            "ingress.2328066594.cidr_blocks.0": "10.0.0.0/8",
                            "ingress.2328066594.from_port": "135",
                            "ingress.2328066594.ipv6_cidr_blocks.#": "0",
                            "ingress.2328066594.protocol": "tcp",
                            "ingress.2328066594.security_groups.#": "0",
                            "ingress.2328066594.self": "false",
                            "ingress.2328066594.to_port": "135",
                            "ingress.2500830711.cidr_blocks.#": "1",
                            "ingress.2500830711.cidr_blocks.0": "10.0.0.0/8",
                            "ingress.2500830711.from_port": "53",
                            "ingress.2500830711.ipv6_cidr_blocks.#": "0",
                            "ingress.2500830711.protocol": "tcp",
                            "ingress.2500830711.security_groups.#": "0",
                            "ingress.2500830711.self": "false",
                            "ingress.2500830711.to_port": "53",
                            "ingress.3257395982.cidr_blocks.#": "1",
                            "ingress.3257395982.cidr_blocks.0": "10.26.0.0/16",
                            "ingress.3257395982.from_port": "0",
                            "ingress.3257395982.ipv6_cidr_blocks.#": "0",
                            "ingress.3257395982.protocol": "-1",
                            "ingress.3257395982.security_groups.#": "0",
                            "ingress.3257395982.self": "false",
                            "ingress.3257395982.to_port": "0",
                            "ingress.3388138335.cidr_blocks.#": "1",
                            "ingress.3388138335.cidr_blocks.0": "141.206.246.10/32",
                            "ingress.3388138335.from_port": "0",
                            "ingress.3388138335.ipv6_cidr_blocks.#": "0",
                            "ingress.3388138335.protocol": "-1",
                            "ingress.3388138335.security_groups.#": "0",
                            "ingress.3388138335.self": "false",
                            "ingress.3388138335.to_port": "0",
                            "ingress.3561033750.cidr_blocks.#": "1",
                            "ingress.3561033750.cidr_blocks.0": "10.237.0.0/16",
                            "ingress.3561033750.from_port": "464",
                            "ingress.3561033750.ipv6_cidr_blocks.#": "0",
                            "ingress.3561033750.protocol": "udp",
                            "ingress.3561033750.security_groups.#": "0",
                            "ingress.3561033750.self": "false",
                            "ingress.3561033750.to_port": "464",
                            "ingress.3731558847.cidr_blocks.#": "1",
                            "ingress.3731558847.cidr_blocks.0": "10.40.5.0/24",
                            "ingress.3731558847.from_port": "0",
                            "ingress.3731558847.ipv6_cidr_blocks.#": "0",
                            "ingress.3731558847.protocol": "-1",
                            "ingress.3731558847.security_groups.#": "0",
                            "ingress.3731558847.self": "false",
                            "ingress.3731558847.to_port": "0",
                            "ingress.381448747.cidr_blocks.#": "1",
                            "ingress.381448747.cidr_blocks.0": "10.70.0.0/16",
                            "ingress.381448747.from_port": "445",
                            "ingress.381448747.ipv6_cidr_blocks.#": "0",
                            "ingress.381448747.protocol": "tcp",
                            "ingress.381448747.security_groups.#": "0",
                            "ingress.381448747.self": "false",
                            "ingress.381448747.to_port": "445",
                            "ingress.38503042.cidr_blocks.#": "1",
                            "ingress.38503042.cidr_blocks.0": "10.70.4.0/22",
                            "ingress.38503042.from_port": "5985",
                            "ingress.38503042.ipv6_cidr_blocks.#": "0",
                            "ingress.38503042.protocol": "tcp",
                            "ingress.38503042.security_groups.#": "0",
                            "ingress.38503042.self": "false",
                            "ingress.38503042.to_port": "5985",
                            "ingress.3952181498.cidr_blocks.#": "1",
                            "ingress.3952181498.cidr_blocks.0": "10.0.0.0/8",
                            "ingress.3952181498.from_port": "53",
                            "ingress.3952181498.ipv6_cidr_blocks.#": "0",
                            "ingress.3952181498.protocol": "udp",
                            "ingress.3952181498.security_groups.#": "0",
                            "ingress.3952181498.self": "false",
                            "ingress.3952181498.to_port": "53",
                            "ingress.4196538534.cidr_blocks.#": "1",
                            "ingress.4196538534.cidr_blocks.0": "10.0.0.0/8",
                            "ingress.4196538534.from_port": "464",
                            "ingress.4196538534.ipv6_cidr_blocks.#": "0",
                            "ingress.4196538534.protocol": "tcp",
                            "ingress.4196538534.security_groups.#": "0",
                            "ingress.4196538534.self": "false",
                            "ingress.4196538534.to_port": "464",
                            "ingress.4222277579.cidr_blocks.#": "1",
                            "ingress.4222277579.cidr_blocks.0": "10.25.0.0/16",
                            "ingress.4222277579.from_port": "0",
                            "ingress.4222277579.ipv6_cidr_blocks.#": "0",
                            "ingress.4222277579.protocol": "-1",
                            "ingress.4222277579.security_groups.#": "0",
                            "ingress.4222277579.self": "false",
                            "ingress.4222277579.to_port": "0",
                            "ingress.519854463.cidr_blocks.#": "1",
                            "ingress.519854463.cidr_blocks.0": "10.0.0.0/8",
                            "ingress.519854463.from_port": "49152",
                            "ingress.519854463.ipv6_cidr_blocks.#": "0",
                            "ingress.519854463.protocol": "tcp",
                            "ingress.519854463.security_groups.#": "0",
                            "ingress.519854463.self": "false",
                            "ingress.519854463.to_port": "65535",
                            "ingress.702883160.cidr_blocks.#": "1",
                            "ingress.702883160.cidr_blocks.0": "10.0.0.0/8",
                            "ingress.702883160.from_port": "139",
                            "ingress.702883160.ipv6_cidr_blocks.#": "0",
                            "ingress.702883160.protocol": "tcp",
                            "ingress.702883160.security_groups.#": "0",
                            "ingress.702883160.self": "false",
                            "ingress.702883160.to_port": "139",
                            "ingress.799009731.cidr_blocks.#": "1",
                            "ingress.799009731.cidr_blocks.0": "10.44.4.0/24",
                            "ingress.799009731.from_port": "3269",
                            "ingress.799009731.ipv6_cidr_blocks.#": "0",
                            "ingress.799009731.protocol": "tcp",
                            "ingress.799009731.security_groups.#": "0",
                            "ingress.799009731.self": "false",
                            "ingress.799009731.to_port": "3269",
                            "ingress.947343136.cidr_blocks.#": "1",
                            "ingress.947343136.cidr_blocks.0": "10.237.0.0/16",
                            "ingress.947343136.from_port": "445",
                            "ingress.947343136.ipv6_cidr_blocks.#": "0",
                            "ingress.947343136.protocol": "tcp",
                            "ingress.947343136.security_groups.#": "0",
                            "ingress.947343136.self": "false",
                            "ingress.947343136.to_port": "445",
                            "name": "dc-security-group",
                            "owner_id": "228177195793",
                            "tags.%": "1",
                            "tags.Name": "dc-security-group",
                            "vpc_id": "vpc-b328cdd7"
                        },
                        "meta": {},
                        "tainted": false
                    },
                    "deposed": [],
                    "provider": ""
                }
            },
            "depends_on": []
        }
    ]
}
